
Microsoft Visual Studio Solution File, Format Version 12.00
# Visual Studio Version 17
VisualStudioVersion = 17.3.32819.101
MinimumVisualStudioVersion = 10.0.40219.1
Project("{FAE04EC0-301F-11D3-BF4B-00C04F79EFBC}") = "Консоль 3", "Консоль 3\Консоль 3.csproj", "{A2125C7E-C53F-40BE-9BAB-7E12D4A147BA}"
EndProject
Global
	GlobalSection(SolutionConfigurationPlatforms) = preSolution
		Debug|Any CPU = Debug|Any CPU
		Release|Any CPU = Release|Any CPU
	EndGlobalSection
	GlobalSection(ProjectConfigurationPlatforms) = postSolution
		{A2125C7E-C53F-40BE-9BAB-7E12D4A147BA}.Debug|Any CPU.ActiveCfg = Debug|Any CPU
		{A2125C7E-C53F-40BE-9BAB-7E12D4A147BA}.Debug|Any CPU.Build.0 = Debug|Any CPU
		{A2125C7E-C53F-40BE-9BAB-7E12D4A147BA}.Release|Any CPU.ActiveCfg = Release|Any CPU
		{A2125C7E-C53F-40BE-9BAB-7E12D4A147BA}.Release|Any CPU.Build.0 = Release|Any CPU
	EndGlobalSection
	GlobalSection(SolutionProperties) = preSolution
		HideSolutionNode = FALSE
	EndGlobalSection
	GlobalSection(ExtensibilityGlobals) = postSolution
		SolutionGuid = {E92D2FAB-0271-4A1D-AB48-FE49E5BE35E3}
	EndGlobalSection
EndGlobal
